{
  "name": "erc20",
  "version": "1.0.0",
  "lockfileVersion": 3,
  "requires": true,
  "packages": {
    "": {
      "name": "erc20",
      "version": "1.0.0",
      "license": "ISC",
      "dependencies": {
        "@artela/aspect-libs": "^0.0.30",
        "@artela/web3": "file:/home/luke/go/src/github.com/artela-network/artela-web3.js/packages/web3/lib",
        "@artela/web3-atl": "file:/home/luke/go/src/github.com/artela-network/artela-web3.js/packages/web3-atl/lib",
        "@artela/web3-eth": "file:/home/luke/go/src/github.com/artela-network/artela-web3.js/packages/web3-eth/lib",
        "@artela/web3-utils": "file:/home/luke/go/src/github.com/artela-network/artela-web3.js/packages/web3-utils/lib"
      }
    },
    "../../../artela-web3.js/packages/web3-atl/lib": {},
    "../../../artela-web3.js/packages/web3-eth/lib": {},
    "../../../artela-web3.js/packages/web3-utils/lib": {},
    "../../../artela-web3.js/packages/web3/lib": {},
    "node_modules/@artela/aspect-libs": {
      "version": "0.0.30",
      "resolved": "https://registry.npmjs.org/@artela/aspect-libs/-/aspect-libs-0.0.30.tgz",
      "integrity": "sha512-A6+FZ+hJH/3BfDNeMtvgXdEcHnLjyavdmdtqyoUNTtHVuMJ1n8u7dpgB8Y/z8PphFiKzAqVLu5Xy/beyAw+lHw==",
      "dependencies": {
        "as-proto": "^1.3.0",
        "assemblyscript": "^0.27.9"
      }
    },
    "node_modules/@artela/web3": {
      "resolved": "../../../artela-web3.js/packages/web3/lib",
      "link": true
    },
    "node_modules/@artela/web3-atl": {
      "resolved": "../../../artela-web3.js/packages/web3-atl/lib",
      "link": true
    },
    "node_modules/@artela/web3-eth": {
      "resolved": "../../../artela-web3.js/packages/web3-eth/lib",
      "link": true
    },
    "node_modules/@artela/web3-utils": {
      "resolved": "../../../artela-web3.js/packages/web3-utils/lib",
      "link": true
    },
    "node_modules/as-proto": {
      "version": "1.3.0",
      "resolved": "https://registry.npmjs.org/as-proto/-/as-proto-1.3.0.tgz",
      "integrity": "sha512-Lo3x+OHMScDUX7I3meKf8tNUrMffLIZp6S7bhkbZPEVK9F2uLhoYcUHnYLjNLjmk7SOyofGtiGFJ7SmAwVMwAg=="
    },
    "node_modules/assemblyscript": {
      "version": "0.27.29",
      "resolved": "https://registry.npmjs.org/assemblyscript/-/assemblyscript-0.27.29.tgz",
      "integrity": "sha512-pH6udb7aE2F0t6cTh+0uCepmucykhMnAmm7k0kkAU3SY7LvpIngEBZWM6p5VCguu4EpmKGwEuZpZbEXzJ/frHQ==",
      "dependencies": {
        "binaryen": "116.0.0-nightly.20240114",
        "long": "^5.2.1"
      },
      "bin": {
        "asc": "bin/asc.js",
        "asinit": "bin/asinit.js"
      },
      "engines": {
        "node": ">=16",
        "npm": ">=7"
      },
      "funding": {
        "type": "opencollective",
        "url": "https://opencollective.com/assemblyscript"
      }
    },
    "node_modules/binaryen": {
      "version": "116.0.0-nightly.20240114",
      "resolved": "https://registry.npmjs.org/binaryen/-/binaryen-116.0.0-nightly.20240114.tgz",
      "integrity": "sha512-0GZrojJnuhoe+hiwji7QFaL3tBlJoA+KFUN7ouYSDGZLSo9CKM8swQX8n/UcbR0d1VuZKU+nhogNzv423JEu5A==",
      "bin": {
        "wasm-opt": "bin/wasm-opt",
        "wasm2js": "bin/wasm2js"
      }
    },
    "node_modules/long": {
      "version": "5.2.3",
      "resolved": "https://registry.npmjs.org/long/-/long-5.2.3.tgz",
      "integrity": "sha512-lcHwpNoggQTObv5apGNCTdJrO69eHOZMi4BNC+rTLER8iHAqGrUVeLh/irVIM7zTw2bOXA8T6uNPeujwOLg/2Q=="
    }
  }
}
